{
  "name": "amazon-mws-reports-client",
  "version": "0.0.1",
  "lockfileVersion": 1,
  "requires": true,
  "dependencies": {
    "amazon-mws-reports": {
      "version": "2009.1.1-2",
      "resolved": "https://registry.npmjs.org/amazon-mws-reports/-/amazon-mws-reports-2009.1.1-2.tgz",
      "integrity": "sha512-2646mbH/ZrAjfBTRh8KoekityYzxO+I/BITmqW0jSzutR2Th0q9/sdrytk8hu+TpBoPFvIxjxQmxoqESsf7X2g=="
    }
  }
}
